
Microsoft Visual Studio Solution File, Format Version 11.00
# Visual Studio 2010
Project("{FAE04EC0-301F-11D3-BF4B-00C04F79EFBC}") = "Cayita.Javascript", "Cayita.Javascript\Cayita.Javascript.csproj", "{B7E65947-7FBE-4432-B179-68B2325F8FEF}"
EndProject
Project("{FAE04EC0-301F-11D3-BF4B-00C04F79EFBC}") = "Cayita.Javascript.Demo", "Cayita.Javascript.Demo\Cayita.Javascript.Demo.csproj", "{E3E48E2A-144E-4732-B648-10BCE87A1672}"
EndProject
Project("{FAE04EC0-301F-11D3-BF4B-00C04F79EFBC}") = "Cayita.Javascript.Demo.Script", "Cayita.Javascript.Demo.Script\Cayita.Javascript.Demo.Script.csproj", "{D3CEA70D-306F-43B9-A6EB-DDEF42EF87C6}"
EndProject
Project("{FAE04EC0-301F-11D3-BF4B-00C04F79EFBC}") = "Test1", "Test1\Test1.csproj", "{0AC5FED0-CCD1-401C-8BD3-E1851958CCEA}"
EndProject
Project("{FAE04EC0-301F-11D3-BF4B-00C04F79EFBC}") = "Cayita.Javascritp.App", "Cayita.Javascritp.App\Cayita.Javascritp.App.csproj", "{586483AE-FF06-44B9-8371-1E0249AE7C39}"
EndProject
Project("{FAE04EC0-301F-11D3-BF4B-00C04F79EFBC}") = "Cayita.Javascript.DemoForm", "Cayita.Javascript.DemoForm\Cayita.Javascript.DemoForm.csproj", "{F8290CB8-3047-4EA2-BBC7-50156B200A6F}"
EndProject
Project("{FAE04EC0-301F-11D3-BF4B-00C04F79EFBC}") = "Cayita.Javascript.DemoTables", "Cayita.Javascript.DemoTables\Cayita.Javascript.DemoTables.csproj", "{F8EDFB67-19C2-464D-B240-DE5D22815590}"
EndProject
Project("{FAE04EC0-301F-11D3-BF4B-00C04F79EFBC}") = "Navbar", "Navbar\Navbar.csproj", "{B5BF4C4C-15DA-4961-AABD-5BD635EE7118}"
EndProject
Project("{FAE04EC0-301F-11D3-BF4B-00C04F79EFBC}") = "Navlist", "Navlist\Navlist.csproj", "{6A9223A6-7872-4424-BEF7-7128CE81E28F}"
EndProject
Project("{FAE04EC0-301F-11D3-BF4B-00C04F79EFBC}") = "Cayita.Javascript.DemoModals", "Cayita.Javascript.DemoModals\Cayita.Javascript.DemoModals.csproj", "{4D955FD3-A63F-404A-95B6-8EF9C5EBBAD2}"
EndProject
Project("{FAE04EC0-301F-11D3-BF4B-00C04F79EFBC}") = "Cayita.Javascript.PanelsDemo", "Cayita.Javascript.PanelsDemo\Cayita.Javascript.PanelsDemo.csproj", "{ED2CC190-0F29-477D-996E-38D12FE66AB7}"
EndProject
Project("{FAE04EC0-301F-11D3-BF4B-00C04F79EFBC}") = "Cayita.Javascript.DemoSearchBox", "Cayita.Javascript.DemoSearchBox\Cayita.Javascript.DemoSearchBox.csproj", "{EE6CD433-3620-4DBE-90AE-79B95F782F64}"
EndProject
Project("{FAE04EC0-301F-11D3-BF4B-00C04F79EFBC}") = "DemoTabPanel", "DemoTabPanel\DemoTabPanel.csproj", "{C42C3442-50D9-4B84-8D53-BE1491C52774}"
EndProject
Project("{FAE04EC0-301F-11D3-BF4B-00C04F79EFBC}") = "DemoFileUpload", "DemoFileUpload\DemoFileUpload.csproj", "{4D39CAE9-A7FB-438E-BC92-BDE074AB99CD}"
EndProject
Global
	GlobalSection(SolutionConfigurationPlatforms) = preSolution
		Debug|Any CPU = Debug|Any CPU
		Release|Any CPU = Release|Any CPU
	EndGlobalSection
	GlobalSection(ProjectConfigurationPlatforms) = postSolution
		{0AC5FED0-CCD1-401C-8BD3-E1851958CCEA}.Debug|Any CPU.ActiveCfg = Debug|Any CPU
		{0AC5FED0-CCD1-401C-8BD3-E1851958CCEA}.Debug|Any CPU.Build.0 = Debug|Any CPU
		{0AC5FED0-CCD1-401C-8BD3-E1851958CCEA}.Release|Any CPU.ActiveCfg = Release|Any CPU
		{0AC5FED0-CCD1-401C-8BD3-E1851958CCEA}.Release|Any CPU.Build.0 = Release|Any CPU
		{4D39CAE9-A7FB-438E-BC92-BDE074AB99CD}.Debug|Any CPU.ActiveCfg = Debug|Any CPU
		{4D39CAE9-A7FB-438E-BC92-BDE074AB99CD}.Debug|Any CPU.Build.0 = Debug|Any CPU
		{4D39CAE9-A7FB-438E-BC92-BDE074AB99CD}.Release|Any CPU.ActiveCfg = Release|Any CPU
		{4D39CAE9-A7FB-438E-BC92-BDE074AB99CD}.Release|Any CPU.Build.0 = Release|Any CPU
		{4D955FD3-A63F-404A-95B6-8EF9C5EBBAD2}.Debug|Any CPU.ActiveCfg = Debug|Any CPU
		{4D955FD3-A63F-404A-95B6-8EF9C5EBBAD2}.Debug|Any CPU.Build.0 = Debug|Any CPU
		{4D955FD3-A63F-404A-95B6-8EF9C5EBBAD2}.Release|Any CPU.ActiveCfg = Release|Any CPU
		{4D955FD3-A63F-404A-95B6-8EF9C5EBBAD2}.Release|Any CPU.Build.0 = Release|Any CPU
		{586483AE-FF06-44B9-8371-1E0249AE7C39}.Debug|Any CPU.ActiveCfg = Debug|Any CPU
		{586483AE-FF06-44B9-8371-1E0249AE7C39}.Debug|Any CPU.Build.0 = Debug|Any CPU
		{586483AE-FF06-44B9-8371-1E0249AE7C39}.Release|Any CPU.ActiveCfg = Release|Any CPU
		{586483AE-FF06-44B9-8371-1E0249AE7C39}.Release|Any CPU.Build.0 = Release|Any CPU
		{6A9223A6-7872-4424-BEF7-7128CE81E28F}.Debug|Any CPU.ActiveCfg = Debug|Any CPU
		{6A9223A6-7872-4424-BEF7-7128CE81E28F}.Debug|Any CPU.Build.0 = Debug|Any CPU
		{6A9223A6-7872-4424-BEF7-7128CE81E28F}.Release|Any CPU.ActiveCfg = Release|Any CPU
		{6A9223A6-7872-4424-BEF7-7128CE81E28F}.Release|Any CPU.Build.0 = Release|Any CPU
		{B5BF4C4C-15DA-4961-AABD-5BD635EE7118}.Debug|Any CPU.ActiveCfg = Debug|Any CPU
		{B5BF4C4C-15DA-4961-AABD-5BD635EE7118}.Debug|Any CPU.Build.0 = Debug|Any CPU
		{B5BF4C4C-15DA-4961-AABD-5BD635EE7118}.Release|Any CPU.ActiveCfg = Release|Any CPU
		{B5BF4C4C-15DA-4961-AABD-5BD635EE7118}.Release|Any CPU.Build.0 = Release|Any CPU
		{B7E65947-7FBE-4432-B179-68B2325F8FEF}.Debug|Any CPU.ActiveCfg = Debug|Any CPU
		{B7E65947-7FBE-4432-B179-68B2325F8FEF}.Debug|Any CPU.Build.0 = Debug|Any CPU
		{B7E65947-7FBE-4432-B179-68B2325F8FEF}.Release|Any CPU.ActiveCfg = Release|Any CPU
		{B7E65947-7FBE-4432-B179-68B2325F8FEF}.Release|Any CPU.Build.0 = Release|Any CPU
		{C42C3442-50D9-4B84-8D53-BE1491C52774}.Debug|Any CPU.ActiveCfg = Debug|Any CPU
		{C42C3442-50D9-4B84-8D53-BE1491C52774}.Debug|Any CPU.Build.0 = Debug|Any CPU
		{C42C3442-50D9-4B84-8D53-BE1491C52774}.Release|Any CPU.ActiveCfg = Release|Any CPU
		{C42C3442-50D9-4B84-8D53-BE1491C52774}.Release|Any CPU.Build.0 = Release|Any CPU
		{D3CEA70D-306F-43B9-A6EB-DDEF42EF87C6}.Debug|Any CPU.ActiveCfg = Debug|Any CPU
		{D3CEA70D-306F-43B9-A6EB-DDEF42EF87C6}.Debug|Any CPU.Build.0 = Debug|Any CPU
		{D3CEA70D-306F-43B9-A6EB-DDEF42EF87C6}.Release|Any CPU.ActiveCfg = Release|Any CPU
		{D3CEA70D-306F-43B9-A6EB-DDEF42EF87C6}.Release|Any CPU.Build.0 = Release|Any CPU
		{E3E48E2A-144E-4732-B648-10BCE87A1672}.Debug|Any CPU.ActiveCfg = Debug|Any CPU
		{E3E48E2A-144E-4732-B648-10BCE87A1672}.Debug|Any CPU.Build.0 = Debug|Any CPU
		{E3E48E2A-144E-4732-B648-10BCE87A1672}.Release|Any CPU.ActiveCfg = Release|Any CPU
		{E3E48E2A-144E-4732-B648-10BCE87A1672}.Release|Any CPU.Build.0 = Release|Any CPU
		{ED2CC190-0F29-477D-996E-38D12FE66AB7}.Debug|Any CPU.ActiveCfg = Debug|Any CPU
		{ED2CC190-0F29-477D-996E-38D12FE66AB7}.Debug|Any CPU.Build.0 = Debug|Any CPU
		{ED2CC190-0F29-477D-996E-38D12FE66AB7}.Release|Any CPU.ActiveCfg = Release|Any CPU
		{ED2CC190-0F29-477D-996E-38D12FE66AB7}.Release|Any CPU.Build.0 = Release|Any CPU
		{EE6CD433-3620-4DBE-90AE-79B95F782F64}.Debug|Any CPU.ActiveCfg = Debug|Any CPU
		{EE6CD433-3620-4DBE-90AE-79B95F782F64}.Debug|Any CPU.Build.0 = Debug|Any CPU
		{EE6CD433-3620-4DBE-90AE-79B95F782F64}.Release|Any CPU.ActiveCfg = Release|Any CPU
		{EE6CD433-3620-4DBE-90AE-79B95F782F64}.Release|Any CPU.Build.0 = Release|Any CPU
		{F8290CB8-3047-4EA2-BBC7-50156B200A6F}.Debug|Any CPU.ActiveCfg = Debug|Any CPU
		{F8290CB8-3047-4EA2-BBC7-50156B200A6F}.Debug|Any CPU.Build.0 = Debug|Any CPU
		{F8290CB8-3047-4EA2-BBC7-50156B200A6F}.Release|Any CPU.ActiveCfg = Release|Any CPU
		{F8290CB8-3047-4EA2-BBC7-50156B200A6F}.Release|Any CPU.Build.0 = Release|Any CPU
		{F8EDFB67-19C2-464D-B240-DE5D22815590}.Debug|Any CPU.ActiveCfg = Debug|Any CPU
		{F8EDFB67-19C2-464D-B240-DE5D22815590}.Debug|Any CPU.Build.0 = Debug|Any CPU
		{F8EDFB67-19C2-464D-B240-DE5D22815590}.Release|Any CPU.ActiveCfg = Release|Any CPU
		{F8EDFB67-19C2-464D-B240-DE5D22815590}.Release|Any CPU.Build.0 = Release|Any CPU
	EndGlobalSection
	GlobalSection(MonoDevelopProperties) = preSolution
		StartupItem = Cayita.Javascript\Cayita.Javascript.csproj
	EndGlobalSection
EndGlobal
